github.com/skyestalimit/diceroller v1.1.0 h1:TfhhNSMwJMPwUNReOI06H4OERC5+RkH2imsUp3kPWmo=
github.com/skyestalimit/diceroller v1.1.0/go.mod h1:8UzEPOpAShkNtYaHk7MmCfXwO+NhHkd11Rk8ulQcElU=
github.com/skyestalimit/diceroller v1.1.1 h1:yD2MS+YQ9GeOh1A3+fPfxidR0WAfwqeW6XAe8ROmLe8=
github.com/skyestalimit/diceroller v1.1.1/go.mod h1:8UzEPOpAShkNtYaHk7MmCfXwO+NhHkd11Rk8ulQcElU=
