github.com/skyestalimit/diceroller v0.1.3 h1:+xevf1SuxZVgBZ3upo52wHVRBaY6rYIx8XbVzItyIeQ=
github.com/skyestalimit/diceroller v0.1.3/go.mod h1:8UzEPOpAShkNtYaHk7MmCfXwO+NhHkd11Rk8ulQcElU=
github.com/skyestalimit/diceroller v0.2.1 h1:FYiB7cTG2r4y89sG4fOX/KjahZo5hui65ffeWMnBxg8=
github.com/skyestalimit/diceroller v0.2.1/go.mod h1:8UzEPOpAShkNtYaHk7MmCfXwO+NhHkd11Rk8ulQcElU=
